PODS:
  - DNRefreshKit (7.2):
    - FLAnimatedImage
  - FLAnimatedImage (1.0.12)

DEPENDENCIES:
  - DNRefreshKit (from `../`)
  - FLAnimatedImage

SPEC REPOS:
  https://github.com/cocoapods/specs.git:
    - FLAnimatedImage

EXTERNAL SOURCES:
  DNRefreshKit:
    :path: "../"

SPEC CHECKSUMS:
  DNRefreshKit: c2417447b35514e58e62c19781104ab9b1b27a9c
  FLAnimatedImage: 4a0b56255d9b05f18b6dd7ee06871be5d3b89e31

PODFILE CHECKSUM: a9ff275ce6ff0926ceb1f41a40f680e723f5fe1b

COCOAPODS: 1.5.3
